
Microsoft Visual Studio Solution File, Format Version 12.00
# Visual Studio Version 17
VisualStudioVersion = 17.11.35327.3
MinimumVisualStudioVersion = 10.0.40219.1
Project("{FAE04EC0-301F-11D3-BF4B-00C04F79EFBC}") = "File Upload", "File Upload\File Upload.csproj", "{477260FA-4CA7-4EEF-A1F8-6A9520CAED7C}"
EndProject
Global
	GlobalSection(SolutionConfigurationPlatforms) = preSolution
		Debug|Any CPU = Debug|Any CPU
		Release|Any CPU = Release|Any CPU
	EndGlobalSection
	GlobalSection(ProjectConfigurationPlatforms) = postSolution
		{477260FA-4CA7-4EEF-A1F8-6A9520CAED7C}.Debug|Any CPU.ActiveCfg = Debug|Any CPU
		{477260FA-4CA7-4EEF-A1F8-6A9520CAED7C}.Debug|Any CPU.Build.0 = Debug|Any CPU
		{477260FA-4CA7-4EEF-A1F8-6A9520CAED7C}.Release|Any CPU.ActiveCfg = Release|Any CPU
		{477260FA-4CA7-4EEF-A1F8-6A9520CAED7C}.Release|Any CPU.Build.0 = Release|Any CPU
	EndGlobalSection
	GlobalSection(SolutionProperties) = preSolution
		HideSolutionNode = FALSE
	EndGlobalSection
	GlobalSection(ExtensibilityGlobals) = postSolution
		SolutionGuid = {7D921D4E-D032-4370-B89A-975B8CB0EAFC}
	EndGlobalSection
EndGlobal
